
Microsoft Visual Studio Solution File, Format Version 12.00
# Visual Studio Version 16
VisualStudioVersion = 16.0.29519.181
MinimumVisualStudioVersion = 10.0.40219.1
Project("{8BC9CEB8-8B4A-11D0-8D11-00A0C91BC942}") = "tema3poo", "tema3poo.vcxproj", "{5130992F-0350-41E1-AF6A-7A631D84BB06}"
EndProject
Global
	GlobalSection(SolutionConfigurationPlatforms) = preSolution
		Debug|x64 = Debug|x64
		Debug|x86 = Debug|x86
		Release|x64 = Release|x64
		Release|x86 = Release|x86
	EndGlobalSection
	GlobalSection(ProjectConfigurationPlatforms) = postSolution
		{5130992F-0350-41E1-AF6A-7A631D84BB06}.Debug|x64.ActiveCfg = Debug|x64
		{5130992F-0350-41E1-AF6A-7A631D84BB06}.Debug|x64.Build.0 = Debug|x64
		{5130992F-0350-41E1-AF6A-7A631D84BB06}.Debug|x86.ActiveCfg = Debug|Win32
		{5130992F-0350-41E1-AF6A-7A631D84BB06}.Debug|x86.Build.0 = Debug|Win32
		{5130992F-0350-41E1-AF6A-7A631D84BB06}.Release|x64.ActiveCfg = Release|x64
		{5130992F-0350-41E1-AF6A-7A631D84BB06}.Release|x64.Build.0 = Release|x64
		{5130992F-0350-41E1-AF6A-7A631D84BB06}.Release|x86.ActiveCfg = Release|Win32
		{5130992F-0350-41E1-AF6A-7A631D84BB06}.Release|x86.Build.0 = Release|Win32
	EndGlobalSection
	GlobalSection(SolutionProperties) = preSolution
		HideSolutionNode = FALSE
	EndGlobalSection
	GlobalSection(ExtensibilityGlobals) = postSolution
		SolutionGuid = {145CE8FC-37E1-4906-A28D-403356449B89}
	EndGlobalSection
EndGlobal
